lockfileVersion: 5.3

specifiers:
  '@egoist/path-parser': 1.0.4
  graphql: ^15.3.0
  graphql-tools: ^5.0.0
  vue: 3.0.5

devDependencies:
  '@egoist/path-parser': 1.0.4
  graphql: 15.7.2
  graphql-tools: 5.0.0_graphql@15.7.2
  vue: 3.0.5

packages:

  /@babel/helper-validator-identifier/7.15.7:
    resolution: {integrity: sha512-K4JvCtQqad9OY2+yTU8w+E82ywk/fe+ELNlt1G8z3bVGlZfn/hOcQQsUhGhW/N+tb3fxK800wLtKOE/aM0m72w==}
    engines: {node: '>=6.9.0'}
    dev: true

  /@babel/parser/7.16.4:
    resolution: {integrity: sha512-6V0qdPUaiVHH3RtZeLIsc+6pDhbYzHR8ogA8w+f+Wc77DuXto19g2QUwveINoS34Uw+W8/hQDGJCx+i4n7xcng==}
    engines: {node: '>=6.0.0'}
    hasBin: true
    dev: true

  /@babel/runtime/7.16.3:
    resolution: {integrity: sha512-WBwekcqacdY2e9AF/Q7WLFUWmdJGJTkbjqTjoMDgXkVZ3ZRUvOPsLb5KdwISoQVsbP+DQzVZW4Zhci0DvpbNTQ==}
    engines: {node: '>=6.9.0'}
    dependencies:
      regenerator-runtime: 0.13.9
    dev: true

  /@babel/types/7.16.0:
    resolution: {integrity: sha512-PJgg/k3SdLsGb3hhisFvtLOw5ts113klrpLuIPtCJIU+BB24fqq6lf8RWqKJEjzqXR9AEH1rIb5XTqwBHB+kQg==}
    engines: {node: '>=6.9.0'}
    dependencies:
      '@babel/helper-validator-identifier': 7.15.7
      to-fast-properties: 2.0.0
    dev: true

  /@egoist/path-parser/1.0.4:
    resolution: {integrity: sha512-i8xuxw4j9kt4imWDH5DPfz/4YVNkbaWqQ3ox18AdPPfmmAVEOvJr1MR9sSuhrlORrf3ZJqDbO+5WMD6NT7V83g==}
    dev: true

  /@vue/compiler-core/3.0.5:
    resolution: {integrity: sha512-iFXwk2gmU/GGwN4hpBwDWWMLvpkIejf/AybcFtlQ5V1ur+5jwfBaV0Y1RXoR6ePfBPJixtKZ3PmN+M+HgMAtfQ==}
    dependencies:
      '@babel/parser': 7.16.4
      '@babel/types': 7.16.0
      '@vue/shared': 3.0.5
      estree-walker: 2.0.2
      source-map: 0.6.1
    dev: true

  /@vue/compiler-dom/3.0.5:
    resolution: {integrity: sha512-HSOSe2XSPuCkp20h4+HXSiPH9qkhz6YbW9z9ZtL5vef2T2PMugH7/osIFVSrRZP/Ul5twFZ7MIRlp8tPX6e4/g==}
    dependencies:
      '@vue/compiler-core': 3.0.5
      '@vue/shared': 3.0.5
    dev: true

  /@vue/reactivity/3.0.5:
    resolution: {integrity: sha512-3xodUE3sEIJgS7ntwUbopIpzzvi7vDAOjVamfb2l+v1FUg0jpd3gf62N2wggJw3fxBMr+QvyxpD+dBoxLsmAjw==}
    dependencies:
      '@vue/shared': 3.0.5
    dev: true

  /@vue/runtime-core/3.0.5:
    resolution: {integrity: sha512-Cnyi2NqREwOLcTEsIi1DQX1hHtkVj4eGm4hBG7HhokS05DqpK4/80jG6PCCnCH9rIJDB2FqtaODX397210plXg==}
    dependencies:
      '@vue/reactivity': 3.0.5
      '@vue/shared': 3.0.5
    dev: true

  /@vue/runtime-dom/3.0.5:
    resolution: {integrity: sha512-iilX1KySeIzHHtErT6Y44db1rhWK5tAI0CiJIPr+SJoZ2jbjoOSE6ff/jfIQakchbm1d6jq6VtRVnp5xYdOXKA==}
    dependencies:
      '@vue/runtime-core': 3.0.5
      '@vue/shared': 3.0.5
      csstype: 2.6.19
    dev: true

  /@vue/shared/3.0.5:
    resolution: {integrity: sha512-gYsNoGkWejBxNO6SNRjOh/xKeZ0H0V+TFzaPzODfBjkAIb0aQgBuixC1brandC/CDJy1wYPwSoYrXpvul7m6yw==}
    dev: true

  /@wry/equality/0.1.11:
    resolution: {integrity: sha512-mwEVBDUVODlsQQ5dfuLUS5/Tf7jqUKyhKYHmVi4fPB6bDMOfWvUPJmKgS1Z7Za/sOI3vzWt4+O7yCiL/70MogA==}
    dependencies:
      tslib: 1.14.1
    dev: true

  /apollo-link-http-common/0.2.16_graphql@15.7.2:
    resolution: {integrity: sha512-2tIhOIrnaF4UbQHf7kjeQA/EmSorB7+HyJIIrUjJOKBgnXwuexi8aMecRlqTIDWcyVXCeqLhUnztMa6bOH/jTg==}
    peerDependencies:
      graphql: ^0.11.0 || ^0.12.0 || ^0.13.0 || ^14.0.0 || ^15.0.0
    dependencies:
      apollo-link: 1.2.14_graphql@15.7.2
      graphql: 15.7.2
      ts-invariant: 0.4.4
      tslib: 1.14.1
    dev: true

  /apollo-link/1.2.14_graphql@15.7.2:
    resolution: {integrity: sha512-p67CMEFP7kOG1JZ0ZkYZwRDa369w5PIjtMjvrQd/HnIV8FRsHRqLqK+oAZQnFa1DDdZtOtHTi+aMIW6EatC2jg==}
    peerDependencies:
      graphql: ^0.11.3 || ^0.12.3 || ^0.13.0 || ^14.0.0 || ^15.0.0
    dependencies:
      apollo-utilities: 1.3.4_graphql@15.7.2
      graphql: 15.7.2
      ts-invariant: 0.4.4
      tslib: 1.14.1
      zen-observable-ts: 0.8.21
    dev: true

  /apollo-upload-client/13.0.0_graphql@15.7.2:
    resolution: {integrity: sha512-lJ9/bk1BH1lD15WhWRha2J3+LrXrPIX5LP5EwiOUHv8PCORp4EUrcujrA3rI5hZeZygrTX8bshcuMdpqpSrvtA==}
    engines: {node: '>=10'}
    dependencies:
      '@babel/runtime': 7.16.3
      apollo-link: 1.2.14_graphql@15.7.2
      apollo-link-http-common: 0.2.16_graphql@15.7.2
      extract-files: 8.1.0
    transitivePeerDependencies:
      - graphql
    dev: true

  /apollo-utilities/1.3.4_graphql@15.7.2:
    resolution: {integrity: sha512-pk2hiWrCXMAy2fRPwEyhvka+mqwzeP60Jr1tRYi5xru+3ko94HI9o6lK0CT33/w4RDlxWchmdhDCrvdr+pHCig==}
    peerDependencies:
      graphql: ^0.11.0 || ^0.12.0 || ^0.13.0 || ^14.0.0 || ^15.0.0
    dependencies:
      '@wry/equality': 0.1.11
      fast-json-stable-stringify: 2.1.0
      graphql: 15.7.2
      ts-invariant: 0.4.4
      tslib: 1.14.1
    dev: true

  /asynckit/0.4.0:
    resolution: {integrity: sha1-x57Zf380y48robyXkLzDZkdLS3k=}
    dev: true

  /combined-stream/1.0.8:
    resolution: {integrity: sha512-FQN4MRfuJeHf7cBbBMJFXhKSDq+2kAArBlmRBvcvFE5BB1HZKXtSFASDhdlz9zOYwxh8lDdnvmMOe/+5cdoEdg==}
    engines: {node: '>= 0.8'}
    dependencies:
      delayed-stream: 1.0.0
    dev: true

  /csstype/2.6.19:
    resolution: {integrity: sha512-ZVxXaNy28/k3kJg0Fou5MiYpp88j7H9hLZp8PDC3jV0WFjfH5E9xHb56L0W59cPbKbcHXeP4qyT8PrHp8t6LcQ==}
    dev: true

  /delayed-stream/1.0.0:
    resolution: {integrity: sha1-3zrhmayt+31ECqrgsp4icrJOxhk=}
    engines: {node: '>=0.4.0'}
    dev: true

  /deprecated-decorator/0.1.6:
    resolution: {integrity: sha1-AJZjF7ehL+kvPMgx91g68ym4bDc=}
    dev: true

  /estree-walker/2.0.2:
    resolution: {integrity: sha512-Rfkk/Mp/DL7JVje3u18FxFujQlTNR2q6QfMSMB7AvCBx91NGj/ba3kCfza0f6dVDbw7YlRf/nDrn7pQrCCyQ/w==}
    dev: true

  /extract-files/8.1.0:
    resolution: {integrity: sha512-PTGtfthZK79WUMk+avLmwx3NGdU8+iVFXC2NMGxKsn0MnihOG2lvumj+AZo8CTwTrwjXDgZ5tztbRlEdRjBonQ==}
    engines: {node: 10 - 12 || >= 13.7}
    dev: true

  /fast-json-stable-stringify/2.1.0:
    resolution: {integrity: sha512-lhd/wF+Lk98HZoTCtlVraHtfh5XYijIjalXck7saUtuanSDyLMxnHhSXEDJqHxD7msR8D0uCmqlkwjCV8xvwHw==}
    dev: true

  /form-data/3.0.1:
    resolution: {integrity: sha512-RHkBKtLWUVwd7SqRIvCZMEvAMoGUp0XU+seQiZejj0COz3RI3hWP4sCv3gZWWLjJTd7rGwcsF5eKZGii0r/hbg==}
    engines: {node: '>= 6'}
    dependencies:
      asynckit: 0.4.0
      combined-stream: 1.0.8
      mime-types: 2.1.34
    dev: true

  /graphql-tools/5.0.0_graphql@15.7.2:
    resolution: {integrity: sha512-5zn3vtn//382b7G3Wzz3d5q/sh+f7tVrnxeuhTMTJ7pWJijNqLxH7VEzv8VwXCq19zAzHYEosFHfXiK7qzvk7w==}
    deprecated: This package has been deprecated and now it only exports makeExecutableSchema.\nAnd it will no longer receive updates.\nWe recommend you to migrate to scoped packages such as @graphql-tools/schema, @graphql-tools/utils and etc.\nCheck out https://www.graphql-tools.com to learn what package you should use instead
    peerDependencies:
      graphql: ^0.12.0 || ^0.13.0 || ^14.0.0 || ^15.0.0
    dependencies:
      apollo-link: 1.2.14_graphql@15.7.2
      apollo-upload-client: 13.0.0_graphql@15.7.2
      deprecated-decorator: 0.1.6
      form-data: 3.0.1
      graphql: 15.7.2
      iterall: 1.3.0
      node-fetch: 2.6.6
      tslib: 1.14.1
      uuid: 7.0.3
    dev: true

  /graphql/15.7.2:
    resolution: {integrity: sha512-AnnKk7hFQFmU/2I9YSQf3xw44ctnSFCfp3zE0N6W174gqe9fWG/2rKaKxROK7CcI3XtERpjEKFqts8o319Kf7A==}
    engines: {node: '>= 10.x'}
    dev: true

  /iterall/1.3.0:
    resolution: {integrity: sha512-QZ9qOMdF+QLHxy1QIpUHUU1D5pS2CG2P69LF6L6CPjPYA/XMOmKV3PZpawHoAjHNyB0swdVTRxdYT4tbBbxqwg==}
    dev: true

  /mime-db/1.51.0:
    resolution: {integrity: sha512-5y8A56jg7XVQx2mbv1lu49NR4dokRnhZYTtL+KGfaa27uq4pSTXkwQkFJl4pkRMyNFz/EtYDSkiiEHx3F7UN6g==}
    engines: {node: '>= 0.6'}
    dev: true

  /mime-types/2.1.34:
    resolution: {integrity: sha512-6cP692WwGIs9XXdOO4++N+7qjqv0rqxxVvJ3VHPh/Sc9mVZcQP+ZGhkKiTvWMQRr2tbHkJP/Yn7Y0npb3ZBs4A==}
    engines: {node: '>= 0.6'}
    dependencies:
      mime-db: 1.51.0
    dev: true

  /node-fetch/2.6.6:
    resolution: {integrity: sha512-Z8/6vRlTUChSdIgMa51jxQ4lrw/Jy5SOW10ObaA47/RElsAN2c5Pn8bTgFGWn/ibwzXTE8qwr1Yzx28vsecXEA==}
    engines: {node: 4.x || >=6.0.0}
    dependencies:
      whatwg-url: 5.0.0
    dev: true

  /regenerator-runtime/0.13.9:
    resolution: {integrity: sha512-p3VT+cOEgxFsRRA9X4lkI1E+k2/CtnKtU4gcxyaCUreilL/vqI6CdZ3wxVUx3UOUg+gnUOQQcRI7BmSI656MYA==}
    dev: true

  /source-map/0.6.1:
    resolution: {integrity: sha512-UjgapumWlbMhkBgzT7Ykc5YXUT46F0iKu8SGXq0bcwP5dz/h0Plj6enJqjz1Zbq2l5WaqYnrVbwWOWMyF3F47g==}
    engines: {node: '>=0.10.0'}
    dev: true

  /to-fast-properties/2.0.0:
    resolution: {integrity: sha1-3F5pjL0HkmW8c+A3doGk5Og/YW4=}
    engines: {node: '>=4'}
    dev: true

  /tr46/0.0.3:
    resolution: {integrity: sha1-gYT9NH2snNwYWZLzpmIuFLnZq2o=}
    dev: true

  /ts-invariant/0.4.4:
    resolution: {integrity: sha512-uEtWkFM/sdZvRNNDL3Ehu4WVpwaulhwQszV8mrtcdeE8nN00BV9mAmQ88RkrBhFgl9gMgvjJLAQcZbnPXI9mlA==}
    dependencies:
      tslib: 1.14.1
    dev: true

  /tslib/1.14.1:
    resolution: {integrity: sha512-Xni35NKzjgMrwevysHTCArtLDpPvye8zV/0E4EyYn43P7/7qvQwPh9BGkHewbMulVntbigmcT7rdX3BNo9wRJg==}
    dev: true

  /uuid/7.0.3:
    resolution: {integrity: sha512-DPSke0pXhTZgoF/d+WSt2QaKMCFSfx7QegxEWT+JOuHF5aWrKEn0G+ztjuJg/gG8/ItK+rbPCD/yNv8yyih6Cg==}
    hasBin: true
    dev: true

  /vue/3.0.5:
    resolution: {integrity: sha512-TfaprOmtsAfhQau7WsomXZ8d9op/dkQLNIq8qPV3A0Vxs6GR5E+c1rfJS1SDkXRQj+dFyfnec7+U0Be1huiScg==}
    dependencies:
      '@vue/compiler-dom': 3.0.5
      '@vue/runtime-dom': 3.0.5
      '@vue/shared': 3.0.5
    dev: true

  /webidl-conversions/3.0.1:
    resolution: {integrity: sha1-JFNCdeKnvGvnvIZhHMFq4KVlSHE=}
    dev: true

  /whatwg-url/5.0.0:
    resolution: {integrity: sha1-lmRU6HZUYuN2RNNib2dCzotwll0=}
    dependencies:
      tr46: 0.0.3
      webidl-conversions: 3.0.1
    dev: true

  /zen-observable-ts/0.8.21:
    resolution: {integrity: sha512-Yj3yXweRc8LdRMrCC8nIc4kkjWecPAUVh0TI0OUrWXx6aX790vLcDlWca6I4vsyCGH3LpWxq0dJRcMOFoVqmeg==}
    dependencies:
      tslib: 1.14.1
      zen-observable: 0.8.15
    dev: true

  /zen-observable/0.8.15:
    resolution: {integrity: sha512-PQ2PC7R9rslx84ndNBZB/Dkv8V8fZEpk83RLgXtYd0fwUgEjseMn1Dgajh2x6S8QbZAFa9p2qVCEuYZNgve0dQ==}
    dev: true
