# THIS IS AN AUTOGENERATED FILE. DO NOT EDIT THIS FILE DIRECTLY.
# yarn lockfile v1


"@types/node@^13.9.2":
  version "13.9.2"
  resolved "https://registry.yarnpkg.com/@types/node/-/node-13.9.2.tgz#ace1880c03594cc3e80206d96847157d8e7fa349"
  integrity sha512-bnoqK579sAYrQbp73wwglccjJ4sfRdKU7WNEZ5FW4K2U6Kc0/eZ5kvXG0JKsEKFB50zrFmfFt52/cvBbZa7eXg==

cac@^6.5.8:
  version "6.5.8"
  resolved "https://registry.yarnpkg.com/cac/-/cac-6.5.8.tgz#b15d183ee478226f846888be74612ac080533667"
  integrity sha512-jLv2+ps4T2HRVR1k4UlQZoAFvliAhf5LVR0yjPjIaIr/Cw99p/I7CXIEkXtw5q+AkYk4NCFJcF5ErmELSyrZnw==

esbuild@^0.2.9:
  version "0.2.10"
  resolved "https://registry.yarnpkg.com/esbuild/-/esbuild-0.2.10.tgz#28ad1d39a032ae4dfe78b5eb344ed5062e70a4c2"
  integrity sha512-Drg5gA+NF+Dc1Qd2J/Jjvpmtv2PQqeyEjIP6ipY6bz1sUOHKK3/R+v7oitr7/M8rNrI9PrUYPSR5M6hb2edoog==

fsevents@~2.1.2:
  version "2.1.2"
  resolved "https://registry.yarnpkg.com/fsevents/-/fsevents-2.1.2.tgz#4c0a1fb34bc68e543b4b82a9ec392bfbda840805"
  integrity sha512-R4wDiBwZ0KzpgOWetKDug1FZcYhqYnUYKtfZYt4mD5SBz76q0KR4Q9o7GIPamsVPGmW3EYPPJ0dOOjvx32ldZA==

magic-string@^0.22.4:
  version "0.22.5"
  resolved "https://registry.yarnpkg.com/magic-string/-/magic-string-0.22.5.tgz#8e9cf5afddf44385c1da5bc2a6a0dbd10b03657e"
  integrity sha512-oreip9rJZkzvA8Qzk9HFs8fZGF/u7H/gtrE8EN6RjKJ9kh2HlC+yQ2QezifqTZfGyiuAV0dRv5a+y/8gBb1m9w==
  dependencies:
    vlq "^0.2.2"

rollup-plugin-esbuild@^1.2.0:
  version "1.2.0"
  resolved "https://registry.yarnpkg.com/rollup-plugin-esbuild/-/rollup-plugin-esbuild-1.2.0.tgz#370f13b3031bb6f968be4f8bafee7ddc3bf22080"
  integrity sha512-1wFivEfmSW2zYEi+TTYn+l6w9iSSrYc2ioFoD+jTzL4SycqmtiiB1RlyFVFVCGA3oNxddNdKZggBYNm1NQPNCg==
  dependencies:
    esbuild "^0.2.9"

rollup-plugin-hashbang@^2.2.2:
  version "2.2.2"
  resolved "https://registry.yarnpkg.com/rollup-plugin-hashbang/-/rollup-plugin-hashbang-2.2.2.tgz#971fc49b452e63f9dfdc75f79ae7256b3485e750"
  integrity sha512-Yxw9ogeK3KncG1e4CvK0I0IKVBNeJP+DTZS3bExGTfGjw0WP1C7xxbY7LtRd8IKx4fFf53hz7XR1XG7UV6xqCw==
  dependencies:
    magic-string "^0.22.4"

rollup@^2.8.2:
  version "2.8.2"
  resolved "https://registry.yarnpkg.com/rollup/-/rollup-2.8.2.tgz#08427a8eb118e6e4ac8d80eba22774bc1d059c81"
  integrity sha512-LRzMcB8V1M69pSvf6uCbR+W9OPCy5FuxcIwqioWg5RKidrrqKbzjJF9pEGXceaMVkbptNFZgIVJlUokCU0sfng==
  optionalDependencies:
    fsevents "~2.1.2"

typescript@^3.8.3:
  version "3.8.3"
  resolved "https://registry.yarnpkg.com/typescript/-/typescript-3.8.3.tgz#409eb8544ea0335711205869ec458ab109ee1061"
  integrity sha512-MYlEfn5VrLNsgudQTVJeNaQFUAI7DkhnOjdpAp4T+ku1TfQClewlbSuTVHiA+8skNBgaf02TL/kLOvig4y3G8w==

vlq@^0.2.2:
  version "0.2.3"
  resolved "https://registry.yarnpkg.com/vlq/-/vlq-0.2.3.tgz#8f3e4328cf63b1540c0d67e1b2778386f8975b26"
  integrity sha512-DRibZL6DsNhIgYQ+wNdWDL2SL3bKPlVrRiBqV5yuMm++op8W4kGFtaQfCs4KEJn0wBZcHVHJ3eoywX8983k1ow==
